
Microsoft Visual Studio Solution File, Format Version 12.00
# Visual Studio Version 17
VisualStudioVersion = 17.0.31903.59
MinimumVisualStudioVersion = 10.0.40219.1
Project("{FAE04EC0-301F-11D3-BF4B-00C04F79EFBC}") = "Profile.Identity", "Profile.Identity\Profile.Identity.csproj", "{2FCD7771-123C-4B6B-87DF-E7DB49553847}"
EndProject
Global
	GlobalSection(SolutionConfigurationPlatforms) = preSolution
		Debug|Any CPU = Debug|Any CPU
		Release|Any CPU = Release|Any CPU
	EndGlobalSection
	GlobalSection(SolutionProperties) = preSolution
		HideSolutionNode = FALSE
	EndGlobalSection
	GlobalSection(ProjectConfigurationPlatforms) = postSolution
		{2FCD7771-123C-4B6B-87DF-E7DB49553847}.Debug|Any CPU.ActiveCfg = Debug|Any CPU
		{2FCD7771-123C-4B6B-87DF-E7DB49553847}.Debug|Any CPU.Build.0 = Debug|Any CPU
		{2FCD7771-123C-4B6B-87DF-E7DB49553847}.Release|Any CPU.ActiveCfg = Release|Any CPU
		{2FCD7771-123C-4B6B-87DF-E7DB49553847}.Release|Any CPU.Build.0 = Release|Any CPU
	EndGlobalSection
EndGlobal
